
Microsoft Visual Studio Solution File, Format Version 12.00
# Visual Studio 15
VisualStudioVersion = 15.0.27703.2042
MinimumVisualStudioVersion = 10.0.40219.1
Project("{FAE04EC0-301F-11D3-BF4B-00C04F79EFBC}") = "citr", "citr\citr.csproj", "{8FEF541C-91A2-467D-8552-4321F12F0AF3}"
EndProject
Global
	GlobalSection(SolutionConfigurationPlatforms) = preSolution
		Debug|Any CPU = Debug|Any CPU
		Release|Any CPU = Release|Any CPU
	EndGlobalSection
	GlobalSection(ProjectConfigurationPlatforms) = postSolution
		{8FEF541C-91A2-467D-8552-4321F12F0AF3}.Debug|Any CPU.ActiveCfg = Debug|Any CPU
		{8FEF541C-91A2-467D-8552-4321F12F0AF3}.Debug|Any CPU.Build.0 = Debug|Any CPU
		{8FEF541C-91A2-467D-8552-4321F12F0AF3}.Release|Any CPU.ActiveCfg = Release|Any CPU
		{8FEF541C-91A2-467D-8552-4321F12F0AF3}.Release|Any CPU.Build.0 = Release|Any CPU
	EndGlobalSection
	GlobalSection(SolutionProperties) = preSolution
		HideSolutionNode = FALSE
	EndGlobalSection
	GlobalSection(ExtensibilityGlobals) = postSolution
		SolutionGuid = {EBD53712-3E7F-4C07-9FFD-031A6A457DB4}
	EndGlobalSection
EndGlobal
